// !$*UTF8*$!
{
	archiveVersion = 1;
	classes = {
	};
	objectVersion = 46;
	objects = {

/* Begin PBXBuildFile section */
		66FC50F11D5EE49D00CFCCCE /* AppDelegate.swift in Sources */ = {isa = PBXBuildFile; fileRef = 66FC50E81D5EE49D00CFCCCE /* AppDelegate.swift */; };
		66FC50F21D5EE49D00CFCCCE /* BasicViewController.swift in Sources */ = {isa = PBXBuildFile; fileRef = 66FC50E91D5EE49D00CFCCCE /* BasicViewController.swift */; };
		66FC50F31D5EE49D00CFCCCE /* DynamicHeightViewController.swift in Sources */ = {isa = PBXBuildFile; fileRef = 66FC50EA1D5EE49D00CFCCCE /* DynamicHeightViewController.swift */; };
		66FC50F41D5EE49D00CFCCCE /* EffectsViewController.swift in Sources */ = {isa = PBXBuildFile; fileRef = 66FC50EB1D5EE49D00CFCCCE /* EffectsViewController.swift */; };
		66FC50F51D5EE49D00CFCCCE /* GroupedViewController.swift in Sources */ = {isa = PBXBuildFile; fileRef = 66FC50EC1D5EE49D00CFCCCE /* GroupedViewController.swift */; };
		66FC50F71D5EE49D00CFCCCE /* LongListViewController.swift in Sources */ = {isa = PBXBuildFile; fileRef = 66FC50EE1D5EE49D00CFCCCE /* LongListViewController.swift */; };
		66FC50F81D5EE49D00CFCCCE /* NonMovableViewController.swift in Sources */ = {isa = PBXBuildFile; fileRef = 66FC50EF1D5EE49D00CFCCCE /* NonMovableViewController.swift */; };
		66FC50F91D5EE49D00CFCCCE /* RootViewController.swift in Sources */ = {isa = PBXBuildFile; fileRef = 66FC50F01D5EE49D00CFCCCE /* RootViewController.swift */; };
		66FC50FB1D5EE4CA00CFCCCE /* UITableView+Reorder.swift in Sources */ = {isa = PBXBuildFile; fileRef = 66FC50FA1D5EE4CA00CFCCCE /* UITableView+Reorder.swift */; };
		66FC50FD1D5EE4D600CFCCCE /* ReorderController.swift in Sources */ = {isa = PBXBuildFile; fileRef = 66FC50FC1D5EE4D600CFCCCE /* ReorderController.swift */; };
/* End PBXBuildFile section */

/* Begin PBXFileReference section */
		660256931CE6A5170029CB5F /* SwiftReorder.app */ = {isa = PBXFileReference; explicitFileType = wrapper.application; includeInIndex = 0; path = SwiftReorder.app; sourceTree = BUILT_PRODUCTS_DIR; };
		66FC50E81D5EE49D00CFCCCE /* AppDelegate.swift */ = {isa = PBXFileReference; fileEncoding = 4; lastKnownFileType = sourcecode.swift; name = AppDelegate.swift; path = Example/AppDelegate.swift; sourceTree = SOURCE_ROOT; };
		66FC50E91D5EE49D00CFCCCE /* BasicViewController.swift */ = {isa = PBXFileReference; fileEncoding = 4; lastKnownFileType = sourcecode.swift; name = BasicViewController.swift; path = Example/BasicViewController.swift; sourceTree = SOURCE_ROOT; };
		66FC50EA1D5EE49D00CFCCCE /* DynamicHeightViewController.swift */ = {isa = PBXFileReference; fileEncoding = 4; lastKnownFileType = sourcecode.swift; name = DynamicHeightViewController.swift; path = Example/DynamicHeightViewController.swift; sourceTree = SOURCE_ROOT; };
		66FC50EB1D5EE49D00CFCCCE /* EffectsViewController.swift */ = {isa = PBXFileReference; fileEncoding = 4; lastKnownFileType = sourcecode.swift; name = EffectsViewController.swift; path = Example/EffectsViewController.swift; sourceTree = SOURCE_ROOT; };
		66FC50EC1D5EE49D00CFCCCE /* GroupedViewController.swift */ = {isa = PBXFileReference; fileEncoding = 4; lastKnownFileType = sourcecode.swift; name = GroupedViewController.swift; path = Example/GroupedViewController.swift; sourceTree = SOURCE_ROOT; };
		66FC50ED1D5EE49D00CFCCCE /* Info.plist */ = {isa = PBXFileReference; fileEncoding = 4; lastKnownFileType = text.plist.xml; name = Info.plist; path = Example/Info.plist; sourceTree = SOURCE_ROOT; };
		66FC50EE1D5EE49D00CFCCCE /* LongListViewController.swift */ = {isa = PBXFileReference; fileEncoding = 4; lastKnownFileType = sourcecode.swift; name = LongListViewController.swift; path = Example/LongListViewController.swift; sourceTree = SOURCE_ROOT; };
		66FC50EF1D5EE49D00CFCCCE /* NonMovableViewController.swift */ = {isa = PBXFileReference; fileEncoding = 4; lastKnownFileType = sourcecode.swift; name = NonMovableViewController.swift; path = Example/NonMovableViewController.swift; sourceTree = SOURCE_ROOT; };
		66FC50F01D5EE49D00CFCCCE /* RootViewController.swift */ = {isa = PBXFileReference; fileEncoding = 4; lastKnownFileType = sourcecode.swift; name = RootViewController.swift; path = Example/RootViewController.swift; sourceTree = SOURCE_ROOT; };
		66FC50FA1D5EE4CA00CFCCCE /* UITableView+Reorder.swift */ = {isa = PBXFileReference; fileEncoding = 4; lastKnownFileType = sourcecode.swift; name = "UITableView+Reorder.swift"; path = "Source/UITableView+Reorder.swift"; sourceTree = "<group>"; };
		66FC50FC1D5EE4D600CFCCCE /* ReorderController.swift */ = {isa = PBXFileReference; fileEncoding = 4; lastKnownFileType = sourcecode.swift; name = ReorderController.swift; path = Source/ReorderController.swift; sourceTree = "<group>"; };
/* End PBXFileReference section */

/* Begin PBXFrameworksBuildPhase section */
		660256901CE6A5170029CB5F /* Frameworks */ = {
			isa = PBXFrameworksBuildPhase;
			buildActionMask = 2147483647;
			files = (
			);
			runOnlyForDeploymentPostprocessing = 0;
		};
/* End PBXFrameworksBuildPhase section */

/* Begin PBXGroup section */
		6602568A1CE6A5170029CB5F = {
			isa = PBXGroup;
			children = (
				660256A81CE6A72F0029CB5F /* Source */,
				660256951CE6A5170029CB5F /* Example */,
				660256941CE6A5170029CB5F /* Products */,
			);
			sourceTree = "<group>";
		};
		660256941CE6A5170029CB5F /* Products */ = {
			isa = PBXGroup;
			children = (
				660256931CE6A5170029CB5F /* SwiftReorder.app */,
			);
			name = Products;
			sourceTree = "<group>";
		};
		660256951CE6A5170029CB5F /* Example */ = {
			isa = PBXGroup;
			children = (
				66FC50E81D5EE49D00CFCCCE /* AppDelegate.swift */,
				66FC50F01D5EE49D00CFCCCE /* RootViewController.swift */,
				66FC50E91D5EE49D00CFCCCE /* BasicViewController.swift */,
				66FC50EC1D5EE49D00CFCCCE /* GroupedViewController.swift */,
				66FC50EA1D5EE49D00CFCCCE /* DynamicHeightViewController.swift */,
				66FC50EB1D5EE49D00CFCCCE /* EffectsViewController.swift */,
				66FC50EE1D5EE49D00CFCCCE /* LongListViewController.swift */,
				66FC50EF1D5EE49D00CFCCCE /* NonMovableViewController.swift */,
				66FC50ED1D5EE49D00CFCCCE /* Info.plist */,
			);
			name = Example;
			path = SwiftReorder;
			sourceTree = "<group>";
		};
		660256A81CE6A72F0029CB5F /* Source */ = {
			isa = PBXGroup;
			children = (
				66FC50FA1D5EE4CA00CFCCCE /* UITableView+Reorder.swift */,
				66FC50FC1D5EE4D600CFCCCE /* ReorderController.swift */,
			);
			name = Source;
			sourceTree = "<group>";
		};
/* End PBXGroup section */

/* Begin PBXNativeTarget section */
		660256921CE6A5170029CB5F /* SwiftReorder */ = {
			isa = PBXNativeTarget;
			buildConfigurationList = 660256A51CE6A5170029CB5F /* Build configuration list for PBXNativeTarget "SwiftReorder" */;
			buildPhases = (
				6602568F1CE6A5170029CB5F /* Sources */,
				660256901CE6A5170029CB5F /* Frameworks */,
				660256911CE6A5170029CB5F /* Resources */,
			);
			buildRules = (
			);
			dependencies = (
			);
			name = SwiftReorder;
			productName = SwiftReorder;
			productReference = 660256931CE6A5170029CB5F /* SwiftReorder.app */;
			productType = "com.apple.product-type.application";
		};
/* End PBXNativeTarget section */

/* Begin PBXProject section */
		6602568B1CE6A5170029CB5F /* Project object */ = {
			isa = PBXProject;
			attributes = {
				LastSwiftUpdateCheck = 0730;
				LastUpgradeCheck = 0730;
				ORGANIZATIONNAME = "Adam Shin";
				TargetAttributes = {
					660256921CE6A5170029CB5F = {
						CreatedOnToolsVersion = 7.3;
					};
				};
			};
			buildConfigurationList = 6602568E1CE6A5170029CB5F /* Build configuration list for PBXProject "SwiftReorder" */;
			compatibilityVersion = "Xcode 3.2";
			developmentRegion = English;
			hasScannedForEncodings = 0;
			knownRegions = (
				en,
				Base,
			);
			mainGroup = 6602568A1CE6A5170029CB5F;
			productRefGroup = 660256941CE6A5170029CB5F /* Products */;
			projectDirPath = "";
			projectRoot = "";
			targets = (
				660256921CE6A5170029CB5F /* SwiftReorder */,
			);
		};
/* End PBXProject section */

/* Begin PBXResourcesBuildPhase section */
		660256911CE6A5170029CB5F /* Resources */ = {
			isa = PBXResourcesBuildPhase;
			buildActionMask = 2147483647;
			files = (
			);
			runOnlyForDeploymentPostprocessing = 0;
		};
/* End PBXResourcesBuildPhase section */

/* Begin PBXSourcesBuildPhase section */
		6602568F1CE6A5170029CB5F /* Sources */ = {
			isa = PBXSourcesBuildPhase;
			buildActionMask = 2147483647;
			files = (
				66FC50F91D5EE49D00CFCCCE /* RootViewController.swift in Sources */,
				66FC50FD1D5EE4D600CFCCCE /* ReorderController.swift in Sources */,
				66FC50F31D5EE49D00CFCCCE /* DynamicHeightViewController.swift in Sources */,
				66FC50F81D5EE49D00CFCCCE /* NonMovableViewController.swift in Sources */,
				66FC50F11D5EE49D00CFCCCE /* AppDelegate.swift in Sources */,
				66FC50F71D5EE49D00CFCCCE /* LongListViewController.swift in Sources */,
				66FC50FB1D5EE4CA00CFCCCE /* UITableView+Reorder.swift in Sources */,
				66FC50F51D5EE49D00CFCCCE /* GroupedViewController.swift in Sources */,
				66FC50F21D5EE49D00CFCCCE /* BasicViewController.swift in Sources */,
				66FC50F41D5EE49D00CFCCCE /* EffectsViewController.swift in Sources */,
			);
			runOnlyForDeploymentPostprocessing = 0;
		};
/* End PBXSourcesBuildPhase section */

/* Begin XCBuildConfiguration section */
		660256A31CE6A5170029CB5F /* Debug */ = {
			isa = XCBuildConfiguration;
			buildSettings = {
				ALWAYS_SEARCH_USER_PATHS = NO;
				CLANG_ANALYZER_NONNULL = YES;
				CLANG_CXX_LANGUAGE_STANDARD = "gnu++0x";
				CLANG_CXX_LIBRARY = "libc++";
				CLANG_ENABLE_MODULES = YES;
				CLANG_ENABLE_OBJC_ARC = YES;
				CLANG_WARN_BOOL_CONVERSION = YES;
				CLANG_WARN_CONSTANT_CONVERSION = YES;
				CLANG_WARN_DIRECT_OBJC_ISA_USAGE = YES_ERROR;
				CLANG_WARN_EMPTY_BODY = YES;
				CLANG_WARN_ENUM_CONVERSION = YES;
				CLANG_WARN_INT_CONVERSION = YES;
				CLANG_WARN_OBJC_ROOT_CLASS = YES_ERROR;
				CLANG_WARN_UNREACHABLE_CODE = YES;
				CLANG_WARN__DUPLICATE_METHOD_MATCH = YES;
				"CODE_SIGN_IDENTITY[sdk=iphoneos*]" = "iPhone Developer";
				COPY_PHASE_STRIP = NO;
				DEBUG_INFORMATION_FORMAT = dwarf;
				ENABLE_STRICT_OBJC_MSGSEND = YES;
				ENABLE_TESTABILITY = YES;
				GCC_C_LANGUAGE_STANDARD = gnu99;
				GCC_DYNAMIC_NO_PIC = NO;
				GCC_NO_COMMON_BLOCKS = YES;
				GCC_OPTIMIZATION_LEVEL = 0;
				GCC_PREPROCESSOR_DEFINITIONS = (
					"DEBUG=1",
					"$(inherited)",
				);
				GCC_WARN_64_TO_32_BIT_CONVERSION = YES;
				GCC_WARN_ABOUT_RETURN_TYPE = YES_ERROR;
				GCC_WARN_UNDECLARED_SELECTOR = YES;
				GCC_WARN_UNINITIALIZED_AUTOS = YES_AGGRESSIVE;
				GCC_WARN_UNUSED_FUNCTION = YES;
				GCC_WARN_UNUSED_VARIABLE = YES;
				IPHONEOS_DEPLOYMENT_TARGET = 9.3;
				MTL_ENABLE_DEBUG_INFO = YES;
				ONLY_ACTIVE_ARCH = YES;
				SDKROOT = iphoneos;
				SWIFT_OPTIMIZATION_LEVEL = "-Onone";
				TARGETED_DEVICE_FAMILY = "1,2";
			};
			name = Debug;
		};
		660256A41CE6A5170029CB5F /* Release */ = {
			isa = XCBuildConfiguration;
			buildSettings = {
				ALWAYS_SEARCH_USER_PATHS = NO;
				CLANG_ANALYZER_NONNULL = YES;
				CLANG_CXX_LANGUAGE_STANDARD = "gnu++0x";
				CLANG_CXX_LIBRARY = "libc++";
				CLANG_ENABLE_MODULES = YES;
				CLANG_ENABLE_OBJC_ARC = YES;
				CLANG_WARN_BOOL_CONVERSION = YES;
				CLANG_WARN_CONSTANT_CONVERSION = YES;
				CLANG_WARN_DIRECT_OBJC_ISA_USAGE = YES_ERROR;
				CLANG_WARN_EMPTY_BODY = YES;
				CLANG_WARN_ENUM_CONVERSION = YES;
				CLANG_WARN_INT_CONVERSION = YES;
				CLANG_WARN_OBJC_ROOT_CLASS = YES_ERROR;
				CLANG_WARN_UNREACHABLE_CODE = YES;
				CLANG_WARN__DUPLICATE_METHOD_MATCH = YES;
				"CODE_SIGN_IDENTITY[sdk=iphoneos*]" = "iPhone Developer";
				COPY_PHASE_STRIP = NO;
				DEBUG_INFORMATION_FORMAT = "dwarf-with-dsym";
				ENABLE_NS_ASSERTIONS = NO;
				ENABLE_STRICT_OBJC_MSGSEND = YES;
				GCC_C_LANGUAGE_STANDARD = gnu99;
				GCC_NO_COMMON_BLOCKS = YES;
				GCC_WARN_64_TO_32_BIT_CONVERSION = YES;
				GCC_WARN_ABOUT_RETURN_TYPE = YES_ERROR;
				GCC_WARN_UNDECLARED_SELECTOR = YES;
				GCC_WARN_UNINITIALIZED_AUTOS = YES_AGGRESSIVE;
				GCC_WARN_UNUSED_FUNCTION = YES;
				GCC_WARN_UNUSED_VARIABLE = YES;
				IPHONEOS_DEPLOYMENT_TARGET = 9.3;
				MTL_ENABLE_DEBUG_INFO = NO;
				SDKROOT = iphoneos;
				TARGETED_DEVICE_FAMILY = "1,2";
				VALIDATE_PRODUCT = YES;
			};
			name = Release;
		};
		660256A61CE6A5170029CB5F /* Debug */ = {
			isa = XCBuildConfiguration;
			buildSettings = {
				INFOPLIST_FILE = Example/Info.plist;
				LD_RUNPATH_SEARCH_PATHS = "$(inherited) @executable_path/Frameworks";
				PRODUCT_BUNDLE_IDENTIFIER = adamshin.SwiftReorder;
				PRODUCT_NAME = "$(TARGET_NAME)";
			};
			name = Debug;
		};
		660256A71CE6A5170029CB5F /* Release */ = {
			isa = XCBuildConfiguration;
			buildSettings = {
				INFOPLIST_FILE = Example/Info.plist;
				LD_RUNPATH_SEARCH_PATHS = "$(inherited) @executable_path/Frameworks";
				PRODUCT_BUNDLE_IDENTIFIER = adamshin.SwiftReorder;
				PRODUCT_NAME = "$(TARGET_NAME)";
			};
			name = Release;
		};
/* End XCBuildConfiguration section */

/* Begin XCConfigurationList section */
		6602568E1CE6A5170029CB5F /* Build configuration list for PBXProject "SwiftReorder" */ = {
			isa = XCConfigurationList;
			buildConfigurations = (
				660256A31CE6A5170029CB5F /* Debug */,
				660256A41CE6A5170029CB5F /* Release */,
			);
			defaultConfigurationIsVisible = 0;
			defaultConfigurationName = Release;
		};
		660256A51CE6A5170029CB5F /* Build configuration list for PBXNativeTarget "SwiftReorder" */ = {
			isa = XCConfigurationList;
			buildConfigurations = (
				660256A61CE6A5170029CB5F /* Debug */,
				660256A71CE6A5170029CB5F /* Release */,
			);
			defaultConfigurationIsVisible = 0;
			defaultConfigurationName = Release;
		};
/* End XCConfigurationList section */
	};
	rootObject = 6602568B1CE6A5170029CB5F /* Project object */;
}
